
Microsoft Visual Studio Solution File, Format Version 12.00
# Visual Studio Version 17
VisualStudioVersion = 17.7.34031.279
MinimumVisualStudioVersion = 10.0.40219.1
Project("{FAE04EC0-301F-11D3-BF4B-00C04F79EFBC}") = "proba2", "proba2\proba2.csproj", "{0CB4BD5B-D67D-4E78-AE75-EF5A4935EC4B}"
EndProject
Global
	GlobalSection(SolutionConfigurationPlatforms) = preSolution
		Debug|Any CPU = Debug|Any CPU
		Release|Any CPU = Release|Any CPU
	EndGlobalSection
	GlobalSection(ProjectConfigurationPlatforms) = postSolution
		{0CB4BD5B-D67D-4E78-AE75-EF5A4935EC4B}.Debug|Any CPU.ActiveCfg = Debug|Any CPU
		{0CB4BD5B-D67D-4E78-AE75-EF5A4935EC4B}.Debug|Any CPU.Build.0 = Debug|Any CPU
		{0CB4BD5B-D67D-4E78-AE75-EF5A4935EC4B}.Release|Any CPU.ActiveCfg = Release|Any CPU
		{0CB4BD5B-D67D-4E78-AE75-EF5A4935EC4B}.Release|Any CPU.Build.0 = Release|Any CPU
	EndGlobalSection
	GlobalSection(SolutionProperties) = preSolution
		HideSolutionNode = FALSE
	EndGlobalSection
	GlobalSection(ExtensibilityGlobals) = postSolution
		SolutionGuid = {1B5A6083-BC6D-47A8-A684-BCAAE1AD69BF}
	EndGlobalSection
EndGlobal
